PODS:
  - GoogleMaps (2.7.0):
    - GoogleMaps/Maps (= 2.7.0)
  - GoogleMaps/Base (2.7.0)
  - GoogleMaps/Maps (2.7.0):
    - GoogleMaps/Base
  - GooglePlaces (2.7.0):
    - GoogleMaps/Base (= 2.7.0)
  - MaterialComponents/Buttons (68.0.0):
    - MaterialComponents/Ink
    - MaterialComponents/private/Math
    - MaterialComponents/private/Shapes
    - MaterialComponents/ShadowElevations
    - MaterialComponents/ShadowLayer
    - MaterialComponents/Typography
    - MDFInternationalization
    - MDFTextAccessibility
  - "MaterialComponents/Buttons+ButtonThemer (68.0.0)":
    - MaterialComponents/Buttons
    - "MaterialComponents/Buttons+ColorThemer"
    - "MaterialComponents/Buttons+ShapeThemer"
    - "MaterialComponents/Buttons+TypographyThemer"
  - "MaterialComponents/Buttons+ColorThemer (68.0.0)":
    - MaterialComponents/Buttons
    - MaterialComponents/schemes/Color
  - "MaterialComponents/Buttons+ShapeThemer (68.0.0)":
    - MaterialComponents/Buttons
    - MaterialComponents/schemes/Shape
  - "MaterialComponents/Buttons+TypographyThemer (68.0.0)":
    - MaterialComponents/Buttons
    - MaterialComponents/schemes/Typography
  - MaterialComponents/Ink (68.0.0):
    - MaterialComponents/private/Math
  - MaterialComponents/private/Application (68.0.0)
  - MaterialComponents/private/Math (68.0.0)
  - MaterialComponents/private/ShapeLibrary (68.0.0):
    - MaterialComponents/private/Math
    - MaterialComponents/private/Shapes
  - MaterialComponents/private/Shapes (68.0.0):
    - MaterialComponents/private/Math
    - MaterialComponents/ShadowLayer
  - MaterialComponents/schemes/Color (68.0.0)
  - MaterialComponents/schemes/Shape (68.0.0):
    - MaterialComponents/private/ShapeLibrary
    - MaterialComponents/private/Shapes
  - MaterialComponents/schemes/Typography (68.0.0)
  - MaterialComponents/ShadowElevations (68.0.0)
  - MaterialComponents/ShadowLayer (68.0.0):
    - MaterialComponents/ShadowElevations
  - MaterialComponents/Typography (68.0.0):
    - MaterialComponents/private/Application
    - MaterialComponents/private/Math
  - MDFInternationalization (1.1.0)
  - MDFTextAccessibility (1.2.0)

DEPENDENCIES:
  - GoogleMaps
  - GooglePlaces
  - MaterialComponents/Buttons
  - "MaterialComponents/Buttons+ButtonThemer"

SPEC REPOS:
  https://github.com/cocoapods/specs.git:
    - GoogleMaps
    - GooglePlaces
    - MaterialComponents
    - MDFInternationalization
    - MDFTextAccessibility

SPEC CHECKSUMS:
  GoogleMaps: f79af95cb24d869457b1f961c93d3ce8b2f3b848
  GooglePlaces: 3d06e6c99654545b4738ce49648745779c25f2ef
  MaterialComponents: 2f9ee23abfc633502026aa34e0bdc9a489e1d00d
  MDFInternationalization: b5b8626628abf026e630e5ebaeee563037712cbb
  MDFTextAccessibility: 94098925e0853551c5a311ce7c1ecefbe297cdb6

PODFILE CHECKSUM: ffd41d002c5e5a66cbb294a50bec3ba2e66ab940

COCOAPODS: 1.5.3
